
Microsoft Visual Studio Solution File, Format Version 12.00
# Visual Studio Version 16
VisualStudioVersion = 16.0.29613.14
MinimumVisualStudioVersion = 10.0.40219.1
Project("{FAE04EC0-301F-11D3-BF4B-00C04F79EFBC}") = "SYAP_prac_27.02.2020", "SYAP_prac_27.02.2020.csproj", "{98228BEC-05E1-4364-BE52-5F024B193DD0}"
EndProject
Global
	GlobalSection(SolutionConfigurationPlatforms) = preSolution
		Debug|Any CPU = Debug|Any CPU
		Release|Any CPU = Release|Any CPU
	EndGlobalSection
	GlobalSection(ProjectConfigurationPlatforms) = postSolution
		{98228BEC-05E1-4364-BE52-5F024B193DD0}.Debug|Any CPU.ActiveCfg = Debug|Any CPU
		{98228BEC-05E1-4364-BE52-5F024B193DD0}.Debug|Any CPU.Build.0 = Debug|Any CPU
		{98228BEC-05E1-4364-BE52-5F024B193DD0}.Release|Any CPU.ActiveCfg = Release|Any CPU
		{98228BEC-05E1-4364-BE52-5F024B193DD0}.Release|Any CPU.Build.0 = Release|Any CPU
	EndGlobalSection
	GlobalSection(SolutionProperties) = preSolution
		HideSolutionNode = FALSE
	EndGlobalSection
	GlobalSection(ExtensibilityGlobals) = postSolution
		SolutionGuid = {2B2A76D1-207F-4A57-A7F8-8E40D24E43B5}
	EndGlobalSection
EndGlobal
